<?xml version="1.0" encoding="utf-8"?>
<Project ToolsVersion="4.0" xmlns="http://schemas.microsoft.com/developer/msbuild/2003">
  <ItemGroup>
    <Filter Include="Source Files">
      <UniqueIdentifier>{4FC737F1-C7A5-4376-A066-2A32D752A2FF}</UniqueIdentifier>
      <Extensions>cpp;c;cc;cxx;c++;cppm;ixx;def;odl;idl;hpj;bat;asm;asmx</Extensions>
    </Filter>
    <Filter Include="Header Files">
      <UniqueIdentifier>{93995380-89BD-4b04-88EB-625FBE52EBFB}</UniqueIdentifier>
      <Extensions>h;hh;hpp;hxx;h++;hm;inl;inc;ipp;xsd</Extensions>
    </Filter>
    <Filter Include="Resource Files">
      <UniqueIdentifier>{67DA6AB6-F800-4c08-8B7A-83BB121AAD01}</UniqueIdentifier>
      <Extensions>rc;ico;cur;bmp;dlg;rc2;rct;bin;rgs;gif;jpg;jpeg;jpe;resx;tiff;tif;png;wav;mfcribbon-ms</Extensions>
    </Filter>
  </ItemGroup>
  <ItemGroup>
    <ClCompile Include="..\Code\Game\App.cpp">
      <Filter>Source Files</Filter>
    </ClCompile>
    <ClCompile Include="..\Code\Game\CardDefinition.cpp">
      <Filter>Source Files</Filter>
    </ClCompile>
    <ClCompile Include="..\Code\Game\CardPile.cpp">
      <Filter>Source Files</Filter>
    </ClCompile>
    <ClCompile Include="..\Code\Game\Enemy.cpp">
      <Filter>Source Files</Filter>
    </ClCompile>
    <ClCompile Include="..\Code\Game\EnemyDefintion.cpp">
      <Filter>Source Files</Filter>
    </ClCompile>
    <ClCompile Include="..\Code\Game\Entity.cpp">
      <Filter>Source Files</Filter>
    </ClCompile>
    <ClCompile Include="..\Code\Game\Game.cpp">
      <Filter>Source Files</Filter>
    </ClCompile>
    <ClCompile Include="..\Code\Game\GameCommon.cpp">
      <Filter>Source Files</Filter>
    </ClCompile>
    <ClCompile Include="..\Code\Game\GameState.cpp">
      <Filter>Source Files</Filter>
    </ClCompile>
    <ClCompile Include="..\Code\Game\Main_Windows.cpp">
      <Filter>Source Files</Filter>
    </ClCompile>
    <ClCompile Include="..\Code\Game\PlayerBoard.cpp">
      <Filter>Source Files</Filter>
    </ClCompile>
  </ItemGroup>
  <ItemGroup>
    <ClInclude Include="..\Code\Game\App.hpp">
      <Filter>Source Files</Filter>
    </ClInclude>
    <ClInclude Include="..\Code\Game\CardDefinition.hpp">
      <Filter>Source Files</Filter>
    </ClInclude>
    <ClInclude Include="..\Code\Game\CardPile.hpp">
      <Filter>Source Files</Filter>
    </ClInclude>
    <ClInclude Include="..\Code\Game\CommonColors.hpp">
      <Filter>Source Files</Filter>
    </ClInclude>
    <ClInclude Include="..\Code\Game\Enemy.hpp">
      <Filter>Source Files</Filter>
    </ClInclude>
    <ClInclude Include="..\Code\Game\EnemyDefinition.hpp">
      <Filter>Source Files</Filter>
    </ClInclude>
    <ClInclude Include="..\Code\Game\EngineBuildPreferences.hpp">
      <Filter>Source Files</Filter>
    </ClInclude>
    <ClInclude Include="..\Code\Game\Entity.hpp">
      <Filter>Source Files</Filter>
    </ClInclude>
    <ClInclude Include="..\Code\Game\Game.hpp">
      <Filter>Source Files</Filter>
    </ClInclude>
    <ClInclude Include="..\Code\Game\GameCommon.hpp">
      <Filter>Source Files</Filter>
    </ClInclude>
    <ClInclude Include="..\Code\Game\GameState.hpp">
      <Filter>Source Files</Filter>
    </ClInclude>
    <ClInclude Include="..\Code\Game\PlayerBoard.hpp">
      <Filter>Source Files</Filter>
    </ClInclude>
  </ItemGroup>
</Project>